
Microsoft Visual Studio Solution File, Format Version 12.00
# Visual Studio Version 17
VisualStudioVersion = 17.8.34408.163
MinimumVisualStudioVersion = 10.0.40219.1
Project("{FAE04EC0-301F-11D3-BF4B-00C04F79EFBC}") = "M03UF5AC2_JanEspana", "M03UF5AC2_JanEspana\M03UF5AC2_JanEspana.csproj", "{2D5A2920-D58C-4A3A-9897-0B95D11AC96D}"
EndProject
Global
	GlobalSection(SolutionConfigurationPlatforms) = preSolution
		Debug|Any CPU = Debug|Any CPU
		Release|Any CPU = Release|Any CPU
	EndGlobalSection
	GlobalSection(ProjectConfigurationPlatforms) = postSolution
		{2D5A2920-D58C-4A3A-9897-0B95D11AC96D}.Debug|Any CPU.ActiveCfg = Debug|Any CPU
		{2D5A2920-D58C-4A3A-9897-0B95D11AC96D}.Debug|Any CPU.Build.0 = Debug|Any CPU
		{2D5A2920-D58C-4A3A-9897-0B95D11AC96D}.Release|Any CPU.ActiveCfg = Release|Any CPU
		{2D5A2920-D58C-4A3A-9897-0B95D11AC96D}.Release|Any CPU.Build.0 = Release|Any CPU
	EndGlobalSection
	GlobalSection(SolutionProperties) = preSolution
		HideSolutionNode = FALSE
	EndGlobalSection
	GlobalSection(ExtensibilityGlobals) = postSolution
		SolutionGuid = {48FB91D9-0382-4711-957A-A3D1D646BDA2}
	EndGlobalSection
EndGlobal
